
Microsoft Visual Studio Solution File, Format Version 12.00
# Visual Studio 15
VisualStudioVersion = 15.0.26730.16
MinimumVisualStudioVersion = 10.0.40219.1
Project("{FAE04EC0-301F-11D3-BF4B-00C04F79EFBC}") = "SimpleStudentManagement3", "SimpleStudentManagement3\SimpleStudentManagement3.csproj", "{BD600F4B-83AF-4344-9DEF-34774493EA6F}"
EndProject
Global
	GlobalSection(SolutionConfigurationPlatforms) = preSolution
		Debug|Any CPU = Debug|Any CPU
		Release|Any CPU = Release|Any CPU
	EndGlobalSection
	GlobalSection(ProjectConfigurationPlatforms) = postSolution
		{BD600F4B-83AF-4344-9DEF-34774493EA6F}.Debug|Any CPU.ActiveCfg = Debug|Any CPU
		{BD600F4B-83AF-4344-9DEF-34774493EA6F}.Debug|Any CPU.Build.0 = Debug|Any CPU
		{BD600F4B-83AF-4344-9DEF-34774493EA6F}.Release|Any CPU.ActiveCfg = Release|Any CPU
		{BD600F4B-83AF-4344-9DEF-34774493EA6F}.Release|Any CPU.Build.0 = Release|Any CPU
	EndGlobalSection
	GlobalSection(SolutionProperties) = preSolution
		HideSolutionNode = FALSE
	EndGlobalSection
	GlobalSection(ExtensibilityGlobals) = postSolution
		SolutionGuid = {571B56AB-34C8-4EAE-8ABF-8ECFDE6D6269}
	EndGlobalSection
EndGlobal
